
Microsoft Visual Studio Solution File, Format Version 12.00
# Visual Studio Version 16
VisualStudioVersion = 16.0.30804.86
MinimumVisualStudioVersion = 10.0.40219.1
Project("{9A19103F-16F7-4668-BE54-9A1E7A4F7556}") = "Pokedex.Api", "Pokedex.Api\Pokedex.Api.csproj", "{FD63CB9E-0061-48C7-9BDD-ECB10DE2171E}"
EndProject
Project("{9A19103F-16F7-4668-BE54-9A1E7A4F7556}") = "Pokedex.DataAccessLibrary", "Pokedex.DataAccessLibrary\Pokedex.DataAccessLibrary.csproj", "{8F3E77FE-D076-404B-8B18-95CEEF7C0239}"
EndProject
Global
	GlobalSection(SolutionConfigurationPlatforms) = preSolution
		Debug|Any CPU = Debug|Any CPU
		Release|Any CPU = Release|Any CPU
	EndGlobalSection
	GlobalSection(ProjectConfigurationPlatforms) = postSolution
		{FD63CB9E-0061-48C7-9BDD-ECB10DE2171E}.Debug|Any CPU.ActiveCfg = Debug|Any CPU
		{FD63CB9E-0061-48C7-9BDD-ECB10DE2171E}.Debug|Any CPU.Build.0 = Debug|Any CPU
		{FD63CB9E-0061-48C7-9BDD-ECB10DE2171E}.Release|Any CPU.ActiveCfg = Release|Any CPU
		{FD63CB9E-0061-48C7-9BDD-ECB10DE2171E}.Release|Any CPU.Build.0 = Release|Any CPU
		{8F3E77FE-D076-404B-8B18-95CEEF7C0239}.Debug|Any CPU.ActiveCfg = Debug|Any CPU
		{8F3E77FE-D076-404B-8B18-95CEEF7C0239}.Debug|Any CPU.Build.0 = Debug|Any CPU
		{8F3E77FE-D076-404B-8B18-95CEEF7C0239}.Release|Any CPU.ActiveCfg = Release|Any CPU
		{8F3E77FE-D076-404B-8B18-95CEEF7C0239}.Release|Any CPU.Build.0 = Release|Any CPU
	EndGlobalSection
	GlobalSection(SolutionProperties) = preSolution
		HideSolutionNode = FALSE
	EndGlobalSection
	GlobalSection(ExtensibilityGlobals) = postSolution
		SolutionGuid = {F9293C16-8F54-472D-8372-6DC7FFDAB08E}
	EndGlobalSection
EndGlobal
